
Microsoft Visual Studio Solution File, Format Version 12.00
# Visual Studio 15
VisualStudioVersion = 15.0.28307.168
MinimumVisualStudioVersion = 10.0.40219.1
Project("{FAE04EC0-301F-11D3-BF4B-00C04F79EFBC}") = "DigitalniPotpis", "DigitalniPotpis\DigitalniPotpis.csproj", "{BCA494EA-5DF6-4779-8B5A-8833546BF146}"
EndProject
Global
	GlobalSection(SolutionConfigurationPlatforms) = preSolution
		Debug|Any CPU = Debug|Any CPU
		Release|Any CPU = Release|Any CPU
	EndGlobalSection
	GlobalSection(ProjectConfigurationPlatforms) = postSolution
		{BCA494EA-5DF6-4779-8B5A-8833546BF146}.Debug|Any CPU.ActiveCfg = Debug|Any CPU
		{BCA494EA-5DF6-4779-8B5A-8833546BF146}.Debug|Any CPU.Build.0 = Debug|Any CPU
		{BCA494EA-5DF6-4779-8B5A-8833546BF146}.Release|Any CPU.ActiveCfg = Release|Any CPU
		{BCA494EA-5DF6-4779-8B5A-8833546BF146}.Release|Any CPU.Build.0 = Release|Any CPU
	EndGlobalSection
	GlobalSection(SolutionProperties) = preSolution
		HideSolutionNode = FALSE
	EndGlobalSection
	GlobalSection(ExtensibilityGlobals) = postSolution
		SolutionGuid = {BF6FF614-2FFC-46DA-BF8C-879191A14919}
	EndGlobalSection
EndGlobal
